// !$*UTF8*$!
{
	archiveVersion = 1;
	classes = {
	};
	objectVersion = 52;
	objects = {

/* Begin PBXBuildFile section */
		2D0A293424A65AE300A36C56 /* AppDelegate.swift in Sources */ = {isa = PBXBuildFile; fileRef = 2D0A293324A65AE300A36C56 /* AppDelegate.swift */; };
		2D0A293624A65AE300A36C56 /* SceneDelegate.swift in Sources */ = {isa = PBXBuildFile; fileRef = 2D0A293524A65AE300A36C56 /* SceneDelegate.swift */; };
		2D0A293824A65AE300A36C56 /* ContentView.swift in Sources */ = {isa = PBXBuildFile; fileRef = 2D0A293724A65AE300A36C56 /* ContentView.swift */; };
		2D0A293A24A65AE700A36C56 /* Assets.xcassets in Resources */ = {isa = PBXBuildFile; fileRef = 2D0A293924A65AE700A36C56 /* Assets.xcassets */; };
		2D0A293D24A65AE700A36C56 /* Preview Assets.xcassets in Resources */ = {isa = PBXBuildFile; fileRef = 2D0A293C24A65AE700A36C56 /* Preview Assets.xcassets */; };
		2D0A294024A65AE700A36C56 /* LaunchScreen.storyboard in Resources */ = {isa = PBXBuildFile; fileRef = 2D0A293E24A65AE700A36C56 /* LaunchScreen.storyboard */; };
		2DB15BCD24AD689F003D2353 /* PreventionView.swift in Sources */ = {isa = PBXBuildFile; fileRef = 2DB15BCC24AD689F003D2353 /* PreventionView.swift */; };
		2DB15BCF24AD6A49003D2353 /* SplashView.swift in Sources */ = {isa = PBXBuildFile; fileRef = 2DB15BCE24AD6A49003D2353 /* SplashView.swift */; };
		2DB15BD124AD6D65003D2353 /* Utils.swift in Sources */ = {isa = PBXBuildFile; fileRef = 2DB15BD024AD6D65003D2353 /* Utils.swift */; };
		2DB15BD324AD7039003D2353 /* Colors.xcassets in Resources */ = {isa = PBXBuildFile; fileRef = 2DB15BD224AD7039003D2353 /* Colors.xcassets */; };
		2DB15BD624AD8445003D2353 /* MainView.swift in Sources */ = {isa = PBXBuildFile; fileRef = 2DB15BD524AD8445003D2353 /* MainView.swift */; };
		2DB15BE124AE46DE003D2353 /* lottie_water.json in Resources */ = {isa = PBXBuildFile; fileRef = 2DB15BD824AE46DD003D2353 /* lottie_water.json */; };
		2DB15BE224AE46DE003D2353 /* lottie_trash_clean.json in Resources */ = {isa = PBXBuildFile; fileRef = 2DB15BD924AE46DD003D2353 /* lottie_trash_clean.json */; };
		2DB15BE324AE46DE003D2353 /* lottie_sad.json in Resources */ = {isa = PBXBuildFile; fileRef = 2DB15BDA24AE46DD003D2353 /* lottie_sad.json */; };
		2DB15BE424AE46DE003D2353 /* covid_doctor.json in Resources */ = {isa = PBXBuildFile; fileRef = 2DB15BDB24AE46DD003D2353 /* covid_doctor.json */; };
		2DB15BE524AE46DE003D2353 /* lottie_social_distancing.json in Resources */ = {isa = PBXBuildFile; fileRef = 2DB15BDC24AE46DD003D2353 /* lottie_social_distancing.json */; };
		2DB15BE624AE46DE003D2353 /* lottie_covid_mask.json in Resources */ = {isa = PBXBuildFile; fileRef = 2DB15BDD24AE46DD003D2353 /* lottie_covid_mask.json */; };
		2DB15BE724AE46DE003D2353 /* lottie_covid_hands.json in Resources */ = {isa = PBXBuildFile; fileRef = 2DB15BDE24AE46DD003D2353 /* lottie_covid_hands.json */; };
		2DB15BE824AE46DE003D2353 /* covid_armor.json in Resources */ = {isa = PBXBuildFile; fileRef = 2DB15BDF24AE46DD003D2353 /* covid_armor.json */; };
		2DB15BE924AE46DE003D2353 /* lottie_location.json in Resources */ = {isa = PBXBuildFile; fileRef = 2DB15BE024AE46DD003D2353 /* lottie_location.json */; };
		2DB15BEC24AE4915003D2353 /* Lottie in Frameworks */ = {isa = PBXBuildFile; productRef = 2DB15BEB24AE4915003D2353 /* Lottie */; };
		2DB15BEE24AE4A35003D2353 /* LottieView.swift in Sources */ = {isa = PBXBuildFile; fileRef = 2DB15BED24AE4A35003D2353 /* LottieView.swift */; };
/* End PBXBuildFile section */

/* Begin PBXFileReference section */
		2D0A293024A65AE300A36C56 /* TOA.app */ = {isa = PBXFileReference; explicitFileType = wrapper.application; includeInIndex = 0; path = TOA.app; sourceTree = BUILT_PRODUCTS_DIR; };
		2D0A293324A65AE300A36C56 /* AppDelegate.swift */ = {isa = PBXFileReference; lastKnownFileType = sourcecode.swift; path = AppDelegate.swift; sourceTree = "<group>"; };
		2D0A293524A65AE300A36C56 /* SceneDelegate.swift */ = {isa = PBXFileReference; lastKnownFileType = sourcecode.swift; path = SceneDelegate.swift; sourceTree = "<group>"; };
		2D0A293724A65AE300A36C56 /* ContentView.swift */ = {isa = PBXFileReference; lastKnownFileType = sourcecode.swift; path = ContentView.swift; sourceTree = "<group>"; };
		2D0A293924A65AE700A36C56 /* Assets.xcassets */ = {isa = PBXFileReference; lastKnownFileType = folder.assetcatalog; path = Assets.xcassets; sourceTree = "<group>"; };
		2D0A293C24A65AE700A36C56 /* Preview Assets.xcassets */ = {isa = PBXFileReference; lastKnownFileType = folder.assetcatalog; path = "Preview Assets.xcassets"; sourceTree = "<group>"; };
		2D0A293F24A65AE700A36C56 /* Base */ = {isa = PBXFileReference; lastKnownFileType = file.storyboard; name = Base; path = Base.lproj/LaunchScreen.storyboard; sourceTree = "<group>"; };
		2D0A294124A65AE700A36C56 /* Info.plist */ = {isa = PBXFileReference; lastKnownFileType = text.plist.xml; path = Info.plist; sourceTree = "<group>"; };
		2DB15BCC24AD689F003D2353 /* PreventionView.swift */ = {isa = PBXFileReference; lastKnownFileType = sourcecode.swift; path = PreventionView.swift; sourceTree = "<group>"; };
		2DB15BCE24AD6A49003D2353 /* SplashView.swift */ = {isa = PBXFileReference; lastKnownFileType = sourcecode.swift; path = SplashView.swift; sourceTree = "<group>"; };
		2DB15BD024AD6D65003D2353 /* Utils.swift */ = {isa = PBXFileReference; lastKnownFileType = sourcecode.swift; path = Utils.swift; sourceTree = "<group>"; };
		2DB15BD224AD7039003D2353 /* Colors.xcassets */ = {isa = PBXFileReference; lastKnownFileType = folder.assetcatalog; path = Colors.xcassets; sourceTree = "<group>"; };
		2DB15BD524AD8445003D2353 /* MainView.swift */ = {isa = PBXFileReference; lastKnownFileType = sourcecode.swift; path = MainView.swift; sourceTree = "<group>"; };
		2DB15BD824AE46DD003D2353 /* lottie_water.json */ = {isa = PBXFileReference; fileEncoding = 4; lastKnownFileType = text.json; path = lottie_water.json; sourceTree = "<group>"; };
		2DB15BD924AE46DD003D2353 /* lottie_trash_clean.json */ = {isa = PBXFileReference; fileEncoding = 4; lastKnownFileType = text.json; path = lottie_trash_clean.json; sourceTree = "<group>"; };
		2DB15BDA24AE46DD003D2353 /* lottie_sad.json */ = {isa = PBXFileReference; fileEncoding = 4; lastKnownFileType = text.json; path = lottie_sad.json; sourceTree = "<group>"; };
		2DB15BDB24AE46DD003D2353 /* covid_doctor.json */ = {isa = PBXFileReference; fileEncoding = 4; lastKnownFileType = text.json; path = covid_doctor.json; sourceTree = "<group>"; };
		2DB15BDC24AE46DD003D2353 /* lottie_social_distancing.json */ = {isa = PBXFileReference; fileEncoding = 4; lastKnownFileType = text.json; path = lottie_social_distancing.json; sourceTree = "<group>"; };
		2DB15BDD24AE46DD003D2353 /* lottie_covid_mask.json */ = {isa = PBXFileReference; fileEncoding = 4; lastKnownFileType = text.json; path = lottie_covid_mask.json; sourceTree = "<group>"; };
		2DB15BDE24AE46DD003D2353 /* lottie_covid_hands.json */ = {isa = PBXFileReference; fileEncoding = 4; lastKnownFileType = text.json; path = lottie_covid_hands.json; sourceTree = "<group>"; };
		2DB15BDF24AE46DD003D2353 /* covid_armor.json */ = {isa = PBXFileReference; fileEncoding = 4; lastKnownFileType = text.json; path = covid_armor.json; sourceTree = "<group>"; };
		2DB15BE024AE46DD003D2353 /* lottie_location.json */ = {isa = PBXFileReference; fileEncoding = 4; lastKnownFileType = text.json; path = lottie_location.json; sourceTree = "<group>"; };
		2DB15BED24AE4A35003D2353 /* LottieView.swift */ = {isa = PBXFileReference; lastKnownFileType = sourcecode.swift; path = LottieView.swift; sourceTree = "<group>"; };
/* End PBXFileReference section */

/* Begin PBXFrameworksBuildPhase section */
		2D0A292D24A65AE300A36C56 /* Frameworks */ = {
			isa = PBXFrameworksBuildPhase;
			buildActionMask = 2147483647;
			files = (
				2DB15BEC24AE4915003D2353 /* Lottie in Frameworks */,
			);
			runOnlyForDeploymentPostprocessing = 0;
		};
/* End PBXFrameworksBuildPhase section */

/* Begin PBXGroup section */
		2D0A292724A65AE300A36C56 = {
			isa = PBXGroup;
			children = (
				2D0A293224A65AE300A36C56 /* TOA */,
				2D0A293124A65AE300A36C56 /* Products */,
			);
			sourceTree = "<group>";
		};
		2D0A293124A65AE300A36C56 /* Products */ = {
			isa = PBXGroup;
			children = (
				2D0A293024A65AE300A36C56 /* TOA.app */,
			);
			name = Products;
			sourceTree = "<group>";
		};
		2D0A293224A65AE300A36C56 /* TOA */ = {
			isa = PBXGroup;
			children = (
				2DB15BEF24AE5362003D2353 /* Diagnosis */,
				2DB15BD424AD75DD003D2353 /* Prevention */,
				2D0A293324A65AE300A36C56 /* AppDelegate.swift */,
				2D0A293524A65AE300A36C56 /* SceneDelegate.swift */,
				2D0A293724A65AE300A36C56 /* ContentView.swift */,
				2DB15BD524AD8445003D2353 /* MainView.swift */,
				2DB15BCE24AD6A49003D2353 /* SplashView.swift */,
				2D0A293E24A65AE700A36C56 /* LaunchScreen.storyboard */,
				2D0A293924A65AE700A36C56 /* Assets.xcassets */,
				2DB15BD724AE46DD003D2353 /* Lottie */,
				2DB15BD224AD7039003D2353 /* Colors.xcassets */,
				2DB15BD024AD6D65003D2353 /* Utils.swift */,
				2D0A294124A65AE700A36C56 /* Info.plist */,
				2D0A293B24A65AE700A36C56 /* Preview Content */,
				2DB15BED24AE4A35003D2353 /* LottieView.swift */,
			);
			path = TOA;
			sourceTree = "<group>";
		};
		2D0A293B24A65AE700A36C56 /* Preview Content */ = {
			isa = PBXGroup;
			children = (
				2D0A293C24A65AE700A36C56 /* Preview Assets.xcassets */,
			);
			path = "Preview Content";
			sourceTree = "<group>";
		};
		2DB15BD424AD75DD003D2353 /* Prevention */ = {
			isa = PBXGroup;
			children = (
				2DB15BCC24AD689F003D2353 /* PreventionView.swift */,
			);
			path = Prevention;
			sourceTree = "<group>";
		};
		2DB15BD724AE46DD003D2353 /* Lottie */ = {
			isa = PBXGroup;
			children = (
				2DB15BD824AE46DD003D2353 /* lottie_water.json */,
				2DB15BD924AE46DD003D2353 /* lottie_trash_clean.json */,
				2DB15BDA24AE46DD003D2353 /* lottie_sad.json */,
				2DB15BDB24AE46DD003D2353 /* covid_doctor.json */,
				2DB15BDC24AE46DD003D2353 /* lottie_social_distancing.json */,
				2DB15BDD24AE46DD003D2353 /* lottie_covid_mask.json */,
				2DB15BDE24AE46DD003D2353 /* lottie_covid_hands.json */,
				2DB15BDF24AE46DD003D2353 /* covid_armor.json */,
				2DB15BE024AE46DD003D2353 /* lottie_location.json */,
			);
			path = Lottie;
			sourceTree = "<group>";
		};
		2DB15BEF24AE5362003D2353 /* Diagnosis */ = {
			isa = PBXGroup;
			children = (
			);
			path = Diagnosis;
			sourceTree = "<group>";
		};
/* End PBXGroup section */

/* Begin PBXNativeTarget section */
		2D0A292F24A65AE300A36C56 /* TOA */ = {
			isa = PBXNativeTarget;
			buildConfigurationList = 2D0A294424A65AE700A36C56 /* Build configuration list for PBXNativeTarget "TOA" */;
			buildPhases = (
				2D0A292C24A65AE300A36C56 /* Sources */,
				2D0A292D24A65AE300A36C56 /* Frameworks */,
				2D0A292E24A65AE300A36C56 /* Resources */,
			);
			buildRules = (
			);
			dependencies = (
			);
			name = TOA;
			packageProductDependencies = (
				2DB15BEB24AE4915003D2353 /* Lottie */,
			);
			productName = TOA;
			productReference = 2D0A293024A65AE300A36C56 /* TOA.app */;
			productType = "com.apple.product-type.application";
		};
/* End PBXNativeTarget section */

/* Begin PBXProject section */
		2D0A292824A65AE300A36C56 /* Project object */ = {
			isa = PBXProject;
			attributes = {
				LastSwiftUpdateCheck = 1150;
				LastUpgradeCheck = 1150;
				ORGANIZATIONNAME = "Coolectif TOA";
				TargetAttributes = {
					2D0A292F24A65AE300A36C56 = {
						CreatedOnToolsVersion = 11.5;
					};
				};
			};
			buildConfigurationList = 2D0A292B24A65AE300A36C56 /* Build configuration list for PBXProject "TOA" */;
			compatibilityVersion = "Xcode 9.3";
			developmentRegion = en;
			hasScannedForEncodings = 0;
			knownRegions = (
				en,
				Base,
			);
			mainGroup = 2D0A292724A65AE300A36C56;
			packageReferences = (
				2DB15BEA24AE4915003D2353 /* XCRemoteSwiftPackageReference "lottie-ios" */,
			);
			productRefGroup = 2D0A293124A65AE300A36C56 /* Products */;
			projectDirPath = "";
			projectRoot = "";
			targets = (
				2D0A292F24A65AE300A36C56 /* TOA */,
			);
		};
/* End PBXProject section */

/* Begin PBXResourcesBuildPhase section */
		2D0A292E24A65AE300A36C56 /* Resources */ = {
			isa = PBXResourcesBuildPhase;
			buildActionMask = 2147483647;
			files = (
				2DB15BE624AE46DE003D2353 /* lottie_covid_mask.json in Resources */,
				2DB15BE424AE46DE003D2353 /* covid_doctor.json in Resources */,
				2D0A294024A65AE700A36C56 /* LaunchScreen.storyboard in Resources */,
				2DB15BD324AD7039003D2353 /* Colors.xcassets in Resources */,
				2DB15BE124AE46DE003D2353 /* lottie_water.json in Resources */,
				2DB15BE824AE46DE003D2353 /* covid_armor.json in Resources */,
				2DB15BE524AE46DE003D2353 /* lottie_social_distancing.json in Resources */,
				2DB15BE224AE46DE003D2353 /* lottie_trash_clean.json in Resources */,
				2DB15BE924AE46DE003D2353 /* lottie_location.json in Resources */,
				2D0A293D24A65AE700A36C56 /* Preview Assets.xcassets in Resources */,
				2DB15BE324AE46DE003D2353 /* lottie_sad.json in Resources */,
				2D0A293A24A65AE700A36C56 /* Assets.xcassets in Resources */,
				2DB15BE724AE46DE003D2353 /* lottie_covid_hands.json in Resources */,
			);
			runOnlyForDeploymentPostprocessing = 0;
		};
/* End PBXResourcesBuildPhase section */

/* Begin PBXSourcesBuildPhase section */
		2D0A292C24A65AE300A36C56 /* Sources */ = {
			isa = PBXSourcesBuildPhase;
			buildActionMask = 2147483647;
			files = (
				2DB15BCD24AD689F003D2353 /* PreventionView.swift in Sources */,
				2DB15BD624AD8445003D2353 /* MainView.swift in Sources */,
				2D0A293424A65AE300A36C56 /* AppDelegate.swift in Sources */,
				2DB15BCF24AD6A49003D2353 /* SplashView.swift in Sources */,
				2D0A293624A65AE300A36C56 /* SceneDelegate.swift in Sources */,
				2D0A293824A65AE300A36C56 /* ContentView.swift in Sources */,
				2DB15BD124AD6D65003D2353 /* Utils.swift in Sources */,
				2DB15BEE24AE4A35003D2353 /* LottieView.swift in Sources */,
			);
			runOnlyForDeploymentPostprocessing = 0;
		};
/* End PBXSourcesBuildPhase section */

/* Begin PBXVariantGroup section */
		2D0A293E24A65AE700A36C56 /* LaunchScreen.storyboard */ = {
			isa = PBXVariantGroup;
			children = (
				2D0A293F24A65AE700A36C56 /* Base */,
			);
			name = LaunchScreen.storyboard;
			sourceTree = "<group>";
		};
/* End PBXVariantGroup section */

/* Begin XCBuildConfiguration section */
		2D0A294224A65AE700A36C56 /* Debug */ = {
			isa = XCBuildConfiguration;
			buildSettings = {
				ALWAYS_SEARCH_USER_PATHS = NO;
				CLANG_ANALYZER_NONNULL = YES;
				CLANG_ANALYZER_NUMBER_OBJECT_CONVERSION = YES_AGGRESSIVE;
				CLANG_CXX_LANGUAGE_STANDARD = "gnu++14";
				CLANG_CXX_LIBRARY = "libc++";
				CLANG_ENABLE_MODULES = YES;
				CLANG_ENABLE_OBJC_ARC = YES;
				CLANG_ENABLE_OBJC_WEAK = YES;
				CLANG_WARN_BLOCK_CAPTURE_AUTORELEASING = YES;
				CLANG_WARN_BOOL_CONVERSION = YES;
				CLANG_WARN_COMMA = YES;
				CLANG_WARN_CONSTANT_CONVERSION = YES;
				CLANG_WARN_DEPRECATED_OBJC_IMPLEMENTATIONS = YES;
				CLANG_WARN_DIRECT_OBJC_ISA_USAGE = YES_ERROR;
				CLANG_WARN_DOCUMENTATION_COMMENTS = YES;
				CLANG_WARN_EMPTY_BODY = YES;
				CLANG_WARN_ENUM_CONVERSION = YES;
				CLANG_WARN_INFINITE_RECURSION = YES;
				CLANG_WARN_INT_CONVERSION = YES;
				CLANG_WARN_NON_LITERAL_NULL_CONVERSION = YES;
				CLANG_WARN_OBJC_IMPLICIT_RETAIN_SELF = YES;
				CLANG_WARN_OBJC_LITERAL_CONVERSION = YES;
				CLANG_WARN_OBJC_ROOT_CLASS = YES_ERROR;
				CLANG_WARN_RANGE_LOOP_ANALYSIS = YES;
				CLANG_WARN_STRICT_PROTOTYPES = YES;
				CLANG_WARN_SUSPICIOUS_MOVE = YES;
				CLANG_WARN_UNGUARDED_AVAILABILITY = YES_AGGRESSIVE;
				CLANG_WARN_UNREACHABLE_CODE = YES;
				CLANG_WARN__DUPLICATE_METHOD_MATCH = YES;
				COPY_PHASE_STRIP = NO;
				DEBUG_INFORMATION_FORMAT = dwarf;
				ENABLE_STRICT_OBJC_MSGSEND = YES;
				ENABLE_TESTABILITY = YES;
				GCC_C_LANGUAGE_STANDARD = gnu11;
				GCC_DYNAMIC_NO_PIC = NO;
				GCC_NO_COMMON_BLOCKS = YES;
				GCC_OPTIMIZATION_LEVEL = 0;
				GCC_PREPROCESSOR_DEFINITIONS = (
					"DEBUG=1",
					"$(inherited)",
				);
				GCC_WARN_64_TO_32_BIT_CONVERSION = YES;
				GCC_WARN_ABOUT_RETURN_TYPE = YES_ERROR;
				GCC_WARN_UNDECLARED_SELECTOR = YES;
				GCC_WARN_UNINITIALIZED_AUTOS = YES_AGGRESSIVE;
				GCC_WARN_UNUSED_FUNCTION = YES;
				GCC_WARN_UNUSED_VARIABLE = YES;
				IPHONEOS_DEPLOYMENT_TARGET = 13.0;
				MTL_ENABLE_DEBUG_INFO = INCLUDE_SOURCE;
				MTL_FAST_MATH = YES;
				ONLY_ACTIVE_ARCH = YES;
				SDKROOT = iphoneos;
				SWIFT_ACTIVE_COMPILATION_CONDITIONS = DEBUG;
				SWIFT_OPTIMIZATION_LEVEL = "-Onone";
			};
			name = Debug;
		};
		2D0A294324A65AE700A36C56 /* Release */ = {
			isa = XCBuildConfiguration;
			buildSettings = {
				ALWAYS_SEARCH_USER_PATHS = NO;
				CLANG_ANALYZER_NONNULL = YES;
				CLANG_ANALYZER_NUMBER_OBJECT_CONVERSION = YES_AGGRESSIVE;
				CLANG_CXX_LANGUAGE_STANDARD = "gnu++14";
				CLANG_CXX_LIBRARY = "libc++";
				CLANG_ENABLE_MODULES = YES;
				CLANG_ENABLE_OBJC_ARC = YES;
				CLANG_ENABLE_OBJC_WEAK = YES;
				CLANG_WARN_BLOCK_CAPTURE_AUTORELEASING = YES;
				CLANG_WARN_BOOL_CONVERSION = YES;
				CLANG_WARN_COMMA = YES;
				CLANG_WARN_CONSTANT_CONVERSION = YES;
				CLANG_WARN_DEPRECATED_OBJC_IMPLEMENTATIONS = YES;
				CLANG_WARN_DIRECT_OBJC_ISA_USAGE = YES_ERROR;
				CLANG_WARN_DOCUMENTATION_COMMENTS = YES;
				CLANG_WARN_EMPTY_BODY = YES;
				CLANG_WARN_ENUM_CONVERSION = YES;
				CLANG_WARN_INFINITE_RECURSION = YES;
				CLANG_WARN_INT_CONVERSION = YES;
				CLANG_WARN_NON_LITERAL_NULL_CONVERSION = YES;
				CLANG_WARN_OBJC_IMPLICIT_RETAIN_SELF = YES;
				CLANG_WARN_OBJC_LITERAL_CONVERSION = YES;
				CLANG_WARN_OBJC_ROOT_CLASS = YES_ERROR;
				CLANG_WARN_RANGE_LOOP_ANALYSIS = YES;
				CLANG_WARN_STRICT_PROTOTYPES = YES;
				CLANG_WARN_SUSPICIOUS_MOVE = YES;
				CLANG_WARN_UNGUARDED_AVAILABILITY = YES_AGGRESSIVE;
				CLANG_WARN_UNREACHABLE_CODE = YES;
				CLANG_WARN__DUPLICATE_METHOD_MATCH = YES;
				COPY_PHASE_STRIP = NO;
				DEBUG_INFORMATION_FORMAT = "dwarf-with-dsym";
				ENABLE_NS_ASSERTIONS = NO;
				ENABLE_STRICT_OBJC_MSGSEND = YES;
				GCC_C_LANGUAGE_STANDARD = gnu11;
				GCC_NO_COMMON_BLOCKS = YES;
				GCC_WARN_64_TO_32_BIT_CONVERSION = YES;
				GCC_WARN_ABOUT_RETURN_TYPE = YES_ERROR;
				GCC_WARN_UNDECLARED_SELECTOR = YES;
				GCC_WARN_UNINITIALIZED_AUTOS = YES_AGGRESSIVE;
				GCC_WARN_UNUSED_FUNCTION = YES;
				GCC_WARN_UNUSED_VARIABLE = YES;
				IPHONEOS_DEPLOYMENT_TARGET = 13.0;
				MTL_ENABLE_DEBUG_INFO = NO;
				MTL_FAST_MATH = YES;
				SDKROOT = iphoneos;
				SWIFT_COMPILATION_MODE = wholemodule;
				SWIFT_OPTIMIZATION_LEVEL = "-O";
				VALIDATE_PRODUCT = YES;
			};
			name = Release;
		};
		2D0A294524A65AE700A36C56 /* Debug */ = {
			isa = XCBuildConfiguration;
			buildSettings = {
				ASSETCATALOG_COMPILER_APPICON_NAME = AppIcon;
				CODE_SIGN_STYLE = Automatic;
				DEVELOPMENT_ASSET_PATHS = "\"TOA/Preview Content\"";
				DEVELOPMENT_TEAM = PYR8254W73;
				ENABLE_PREVIEWS = YES;
				INFOPLIST_FILE = TOA/Info.plist;
				IPHONEOS_DEPLOYMENT_TARGET = 13.0;
				LD_RUNPATH_SEARCH_PATHS = (
					"$(inherited)",
					"@executable_path/Frameworks",
				);
				PRODUCT_BUNDLE_IDENTIFIER = com.africadevs.toa;
				PRODUCT_NAME = "$(TARGET_NAME)";
				SWIFT_VERSION = 5.0;
				TARGETED_DEVICE_FAMILY = "1,2";
			};
			name = Debug;
		};
		2D0A294624A65AE700A36C56 /* Release */ = {
			isa = XCBuildConfiguration;
			buildSettings = {
				ASSETCATALOG_COMPILER_APPICON_NAME = AppIcon;
				CODE_SIGN_STYLE = Automatic;
				DEVELOPMENT_ASSET_PATHS = "\"TOA/Preview Content\"";
				DEVELOPMENT_TEAM = PYR8254W73;
				ENABLE_PREVIEWS = YES;
				INFOPLIST_FILE = TOA/Info.plist;
				IPHONEOS_DEPLOYMENT_TARGET = 13.0;
				LD_RUNPATH_SEARCH_PATHS = (
					"$(inherited)",
					"@executable_path/Frameworks",
				);
				PRODUCT_BUNDLE_IDENTIFIER = com.africadevs.toa;
				PRODUCT_NAME = "$(TARGET_NAME)";
				SWIFT_VERSION = 5.0;
				TARGETED_DEVICE_FAMILY = "1,2";
			};
			name = Release;
		};
/* End XCBuildConfiguration section */

/* Begin XCConfigurationList section */
		2D0A292B24A65AE300A36C56 /* Build configuration list for PBXProject "TOA" */ = {
			isa = XCConfigurationList;
			buildConfigurations = (
				2D0A294224A65AE700A36C56 /* Debug */,
				2D0A294324A65AE700A36C56 /* Release */,
			);
			defaultConfigurationIsVisible = 0;
			defaultConfigurationName = Debug;
		};
		2D0A294424A65AE700A36C56 /* Build configuration list for PBXNativeTarget "TOA" */ = {
			isa = XCConfigurationList;
			buildConfigurations = (
				2D0A294524A65AE700A36C56 /* Debug */,
				2D0A294624A65AE700A36C56 /* Release */,
			);
			defaultConfigurationIsVisible = 0;
			defaultConfigurationName = Debug;
		};
/* End XCConfigurationList section */

/* Begin XCRemoteSwiftPackageReference section */
		2DB15BEA24AE4915003D2353 /* XCRemoteSwiftPackageReference "lottie-ios" */ = {
			isa = XCRemoteSwiftPackageReference;
			repositoryURL = "https://github.com/airbnb/lottie-ios.git";
			requirement = {
				kind = upToNextMajorVersion;
				minimumVersion = 3.1.8;
			};
		};
/* End XCRemoteSwiftPackageReference section */

/* Begin XCSwiftPackageProductDependency section */
		2DB15BEB24AE4915003D2353 /* Lottie */ = {
			isa = XCSwiftPackageProductDependency;
			package = 2DB15BEA24AE4915003D2353 /* XCRemoteSwiftPackageReference "lottie-ios" */;
			productName = Lottie;
		};
/* End XCSwiftPackageProductDependency section */
	};
	rootObject = 2D0A292824A65AE300A36C56 /* Project object */;
}
