// !$*UTF8*$!
{
	archiveVersion = 1;
	classes = {
	};
	objectVersion = 52;
	objects = {

/* Begin PBXBuildFile section */
		15CCFEB2689929CF82442C07 /* Pods_TOA.framework in Frameworks */ = {isa = PBXBuildFile; fileRef = 6D4AB7E7A84072D9EF285BDF /* Pods_TOA.framework */; };
		2D0A293424A65AE300A36C56 /* AppDelegate.swift in Sources */ = {isa = PBXBuildFile; fileRef = 2D0A293324A65AE300A36C56 /* AppDelegate.swift */; };
		2D0A293624A65AE300A36C56 /* SceneDelegate.swift in Sources */ = {isa = PBXBuildFile; fileRef = 2D0A293524A65AE300A36C56 /* SceneDelegate.swift */; };
		2D0A293824A65AE300A36C56 /* ContentView.swift in Sources */ = {isa = PBXBuildFile; fileRef = 2D0A293724A65AE300A36C56 /* ContentView.swift */; };
		2D0A293A24A65AE700A36C56 /* Assets.xcassets in Resources */ = {isa = PBXBuildFile; fileRef = 2D0A293924A65AE700A36C56 /* Assets.xcassets */; };
		2D0A293D24A65AE700A36C56 /* Preview Assets.xcassets in Resources */ = {isa = PBXBuildFile; fileRef = 2D0A293C24A65AE700A36C56 /* Preview Assets.xcassets */; };
		2D0A294024A65AE700A36C56 /* LaunchScreen.storyboard in Resources */ = {isa = PBXBuildFile; fileRef = 2D0A293E24A65AE700A36C56 /* LaunchScreen.storyboard */; };
		2D22A62B24BDA38F008CA204 /* PreventionMaskView.swift in Sources */ = {isa = PBXBuildFile; fileRef = 2D22A62A24BDA38F008CA204 /* PreventionMaskView.swift */; };
		2D2C040524B1D79600D6473A /* PreventionView.swift in Sources */ = {isa = PBXBuildFile; fileRef = 2D2C040424B1D79600D6473A /* PreventionView.swift */; };
		2D2C040E24B1E66B00D6473A /* Prevention.swift in Sources */ = {isa = PBXBuildFile; fileRef = 2D2C040D24B1E66B00D6473A /* Prevention.swift */; };
		2D2C041424B1FEB900D6473A /* DataLoader.swift in Sources */ = {isa = PBXBuildFile; fileRef = 2D2C041324B1FEB900D6473A /* DataLoader.swift */; };
		2D3648E224B0F1DC0029196F /* TrackableScrollView.swift in Sources */ = {isa = PBXBuildFile; fileRef = 2D3648E024B0F1DC0029196F /* TrackableScrollView.swift */; };
		2D3648E324B0F1DC0029196F /* ScrollOffsetPreferenceKey.swift in Sources */ = {isa = PBXBuildFile; fileRef = 2D3648E124B0F1DC0029196F /* ScrollOffsetPreferenceKey.swift */; };
		2D4907F624B3C5C200D21CAA /* CountryCases.swift in Sources */ = {isa = PBXBuildFile; fileRef = 2D4907F524B3C5C200D21CAA /* CountryCases.swift */; };
		2D5D845924B9D88500A92532 /* AnalysisButtonView.swift in Sources */ = {isa = PBXBuildFile; fileRef = 2D5D845824B9D88500A92532 /* AnalysisButtonView.swift */; };
		2D5D845B24B9D89800A92532 /* PreventionButtonView.swift in Sources */ = {isa = PBXBuildFile; fileRef = 2D5D845A24B9D89800A92532 /* PreventionButtonView.swift */; };
		2D7A801424BBC5870011AE16 /* AboutView.swift in Sources */ = {isa = PBXBuildFile; fileRef = 2D7A801324BBC5870011AE16 /* AboutView.swift */; };
		2D7A801624BBCD880011AE16 /* PreventionHandsView.swift in Sources */ = {isa = PBXBuildFile; fileRef = 2D7A801524BBCD880011AE16 /* PreventionHandsView.swift */; };
		2D7A803C24BBE0750011AE16 /* BottomBarItem.swift in Sources */ = {isa = PBXBuildFile; fileRef = 2D7A803824BBE0740011AE16 /* BottomBarItem.swift */; };
		2D7E5DA124BCF63200011328 /* PreventionHandsWhenItemModel.swift in Sources */ = {isa = PBXBuildFile; fileRef = 2D7E5DA024BCF63200011328 /* PreventionHandsWhenItemModel.swift */; };
		2D7E5DA324BD06AF00011328 /* BottomBar.swift in Sources */ = {isa = PBXBuildFile; fileRef = 2D7E5DA224BD06AE00011328 /* BottomBar.swift */; };
		2D7ED41224BEEDD500A16AF5 /* PreventionMovementView.swift in Sources */ = {isa = PBXBuildFile; fileRef = 2D7ED41124BEEDD500A16AF5 /* PreventionMovementView.swift */; };
		2D7ED41424BEF1FD00A16AF5 /* PreventionFoodDrinkView.swift in Sources */ = {isa = PBXBuildFile; fileRef = 2D7ED41324BEF1FD00A16AF5 /* PreventionFoodDrinkView.swift */; };
		2D7ED41624BF1FC600A16AF5 /* PreventionFoodItem.swift in Sources */ = {isa = PBXBuildFile; fileRef = 2D7ED41524BF1FC600A16AF5 /* PreventionFoodItem.swift */; };
		2D82FCB824B4F8F500196A3F /* PreventionDeathsView.swift in Sources */ = {isa = PBXBuildFile; fileRef = 2D82FCB724B4F8F500196A3F /* PreventionDeathsView.swift */; };
		2D82FCBA24B5CA6D00196A3F /* UserSettings.swift in Sources */ = {isa = PBXBuildFile; fileRef = 2D82FCB924B5CA6D00196A3F /* UserSettings.swift */; };
		2D95EC2224B681090034199E /* CustomPieChartView.swift in Sources */ = {isa = PBXBuildFile; fileRef = 2D95EC2124B681090034199E /* CustomPieChartView.swift */; };
		2DB15BCF24AD6A49003D2353 /* SplashView.swift in Sources */ = {isa = PBXBuildFile; fileRef = 2DB15BCE24AD6A49003D2353 /* SplashView.swift */; };
		2DB15BD324AD7039003D2353 /* Colors.xcassets in Resources */ = {isa = PBXBuildFile; fileRef = 2DB15BD224AD7039003D2353 /* Colors.xcassets */; };
		2DB15BD624AD8445003D2353 /* MainView.swift in Sources */ = {isa = PBXBuildFile; fileRef = 2DB15BD524AD8445003D2353 /* MainView.swift */; };
		2DB15BE124AE46DE003D2353 /* lottie_water.json in Resources */ = {isa = PBXBuildFile; fileRef = 2DB15BD824AE46DD003D2353 /* lottie_water.json */; };
		2DB15BE224AE46DE003D2353 /* lottie_trash_clean.json in Resources */ = {isa = PBXBuildFile; fileRef = 2DB15BD924AE46DD003D2353 /* lottie_trash_clean.json */; };
		2DB15BE324AE46DE003D2353 /* lottie_sad.json in Resources */ = {isa = PBXBuildFile; fileRef = 2DB15BDA24AE46DD003D2353 /* lottie_sad.json */; };
		2DB15BE424AE46DE003D2353 /* covid_doctor.json in Resources */ = {isa = PBXBuildFile; fileRef = 2DB15BDB24AE46DD003D2353 /* covid_doctor.json */; };
		2DB15BE524AE46DE003D2353 /* lottie_social_distancing.json in Resources */ = {isa = PBXBuildFile; fileRef = 2DB15BDC24AE46DD003D2353 /* lottie_social_distancing.json */; };
		2DB15BE624AE46DE003D2353 /* lottie_covid_mask.json in Resources */ = {isa = PBXBuildFile; fileRef = 2DB15BDD24AE46DD003D2353 /* lottie_covid_mask.json */; };
		2DB15BE724AE46DE003D2353 /* lottie_covid_hands.json in Resources */ = {isa = PBXBuildFile; fileRef = 2DB15BDE24AE46DD003D2353 /* lottie_covid_hands.json */; };
		2DB15BE824AE46DE003D2353 /* covid_armor.json in Resources */ = {isa = PBXBuildFile; fileRef = 2DB15BDF24AE46DD003D2353 /* covid_armor.json */; };
		2DB15BE924AE46DE003D2353 /* lottie_location.json in Resources */ = {isa = PBXBuildFile; fileRef = 2DB15BE024AE46DD003D2353 /* lottie_location.json */; };
		2DB15BEC24AE4915003D2353 /* Lottie in Frameworks */ = {isa = PBXBuildFile; productRef = 2DB15BEB24AE4915003D2353 /* Lottie */; };
		2DB15BF524AE6992003D2353 /* LottieView.swift in Sources */ = {isa = PBXBuildFile; fileRef = 2DB15BF424AE6992003D2353 /* LottieView.swift */; };
		2DB15C0524AF4D74003D2353 /* AnimatedView.swift in Sources */ = {isa = PBXBuildFile; fileRef = 2DB15C0424AF4D74003D2353 /* AnimatedView.swift */; };
		2DB15C0924B05992003D2353 /* HTMLView.swift in Sources */ = {isa = PBXBuildFile; fileRef = 2DB15C0824B05991003D2353 /* HTMLView.swift */; };
		2DB6AE8624B23E640092A91A /* Localizable.stringsdict in Resources */ = {isa = PBXBuildFile; fileRef = 2DB6AE8824B23E640092A91A /* Localizable.stringsdict */; };
		2DB6AE8924B23E6F0092A91A /* Localizable.strings in Resources */ = {isa = PBXBuildFile; fileRef = 2DB6AE8B24B23E6F0092A91A /* Localizable.strings */; };
		2DB6AE8F24B25C090092A91A /* PreventionDetailControlerView.swift in Sources */ = {isa = PBXBuildFile; fileRef = 2DB6AE8E24B25C090092A91A /* PreventionDetailControlerView.swift */; };
		2DB6AE9124B29D790092A91A /* Countries.xcassets in Resources */ = {isa = PBXBuildFile; fileRef = 2DB6AE9024B29D790092A91A /* Countries.xcassets */; };
		2DB6AE9324B2A65E0092A91A /* countries_list.json in Resources */ = {isa = PBXBuildFile; fileRef = 2DB6AE9224B2A65E0092A91A /* countries_list.json */; };
		2DB6AE9624B2A6A50092A91A /* CountryModel.swift in Sources */ = {isa = PBXBuildFile; fileRef = 2DB6AE9524B2A6A50092A91A /* CountryModel.swift */; };
		2DB6AE9824B2BB3F0092A91A /* CustomImage.swift in Sources */ = {isa = PBXBuildFile; fileRef = 2DB6AE9724B2BB3F0092A91A /* CustomImage.swift */; };
		2DC5054224BC908300C9416B /* PreventionHandsHowItemModel.swift in Sources */ = {isa = PBXBuildFile; fileRef = 2DC5054124BC908300C9416B /* PreventionHandsHowItemModel.swift */; };
		2DFF654224BE17C200887E47 /* PreventionGarbageView.swift in Sources */ = {isa = PBXBuildFile; fileRef = 2DFF654124BE17C200887E47 /* PreventionGarbageView.swift */; };
		2DFF654424BE57CF00887E47 /* PreventionWaterView.swift in Sources */ = {isa = PBXBuildFile; fileRef = 2DFF654324BE57CF00887E47 /* PreventionWaterView.swift */; };
/* End PBXBuildFile section */

/* Begin PBXFileReference section */
		2D0A293024A65AE300A36C56 /* TOA.app */ = {isa = PBXFileReference; explicitFileType = wrapper.application; includeInIndex = 0; path = TOA.app; sourceTree = BUILT_PRODUCTS_DIR; };
		2D0A293324A65AE300A36C56 /* AppDelegate.swift */ = {isa = PBXFileReference; lastKnownFileType = sourcecode.swift; path = AppDelegate.swift; sourceTree = "<group>"; };
		2D0A293524A65AE300A36C56 /* SceneDelegate.swift */ = {isa = PBXFileReference; lastKnownFileType = sourcecode.swift; path = SceneDelegate.swift; sourceTree = "<group>"; };
		2D0A293724A65AE300A36C56 /* ContentView.swift */ = {isa = PBXFileReference; lastKnownFileType = sourcecode.swift; path = ContentView.swift; sourceTree = "<group>"; };
		2D0A293924A65AE700A36C56 /* Assets.xcassets */ = {isa = PBXFileReference; lastKnownFileType = folder.assetcatalog; path = Assets.xcassets; sourceTree = "<group>"; };
		2D0A293C24A65AE700A36C56 /* Preview Assets.xcassets */ = {isa = PBXFileReference; lastKnownFileType = folder.assetcatalog; path = "Preview Assets.xcassets"; sourceTree = "<group>"; };
		2D0A293F24A65AE700A36C56 /* Base */ = {isa = PBXFileReference; lastKnownFileType = file.storyboard; name = Base; path = Base.lproj/LaunchScreen.storyboard; sourceTree = "<group>"; };
		2D0A294124A65AE700A36C56 /* Info.plist */ = {isa = PBXFileReference; lastKnownFileType = text.plist.xml; path = Info.plist; sourceTree = "<group>"; };
		2D22A62A24BDA38F008CA204 /* PreventionMaskView.swift */ = {isa = PBXFileReference; lastKnownFileType = sourcecode.swift; path = PreventionMaskView.swift; sourceTree = "<group>"; };
		2D2C040424B1D79600D6473A /* PreventionView.swift */ = {isa = PBXFileReference; lastKnownFileType = sourcecode.swift; path = PreventionView.swift; sourceTree = "<group>"; };
		2D2C040D24B1E66B00D6473A /* Prevention.swift */ = {isa = PBXFileReference; lastKnownFileType = sourcecode.swift; path = Prevention.swift; sourceTree = "<group>"; };
		2D2C041324B1FEB900D6473A /* DataLoader.swift */ = {isa = PBXFileReference; lastKnownFileType = sourcecode.swift; path = DataLoader.swift; sourceTree = "<group>"; };
		2D3648E024B0F1DC0029196F /* TrackableScrollView.swift */ = {isa = PBXFileReference; fileEncoding = 4; lastKnownFileType = sourcecode.swift; path = TrackableScrollView.swift; sourceTree = "<group>"; };
		2D3648E124B0F1DC0029196F /* ScrollOffsetPreferenceKey.swift */ = {isa = PBXFileReference; fileEncoding = 4; lastKnownFileType = sourcecode.swift; path = ScrollOffsetPreferenceKey.swift; sourceTree = "<group>"; };
		2D4907F524B3C5C200D21CAA /* CountryCases.swift */ = {isa = PBXFileReference; lastKnownFileType = sourcecode.swift; path = CountryCases.swift; sourceTree = "<group>"; };
		2D5D845824B9D88500A92532 /* AnalysisButtonView.swift */ = {isa = PBXFileReference; lastKnownFileType = sourcecode.swift; path = AnalysisButtonView.swift; sourceTree = "<group>"; };
		2D5D845A24B9D89800A92532 /* PreventionButtonView.swift */ = {isa = PBXFileReference; lastKnownFileType = sourcecode.swift; path = PreventionButtonView.swift; sourceTree = "<group>"; };
		2D7A801324BBC5870011AE16 /* AboutView.swift */ = {isa = PBXFileReference; lastKnownFileType = sourcecode.swift; path = AboutView.swift; sourceTree = "<group>"; };
		2D7A801524BBCD880011AE16 /* PreventionHandsView.swift */ = {isa = PBXFileReference; lastKnownFileType = sourcecode.swift; path = PreventionHandsView.swift; sourceTree = "<group>"; };
		2D7A803824BBE0740011AE16 /* BottomBarItem.swift */ = {isa = PBXFileReference; fileEncoding = 4; lastKnownFileType = sourcecode.swift; path = BottomBarItem.swift; sourceTree = "<group>"; };
		2D7E5DA024BCF63200011328 /* PreventionHandsWhenItemModel.swift */ = {isa = PBXFileReference; lastKnownFileType = sourcecode.swift; path = PreventionHandsWhenItemModel.swift; sourceTree = "<group>"; };
		2D7E5DA224BD06AE00011328 /* BottomBar.swift */ = {isa = PBXFileReference; fileEncoding = 4; lastKnownFileType = sourcecode.swift; path = BottomBar.swift; sourceTree = "<group>"; };
		2D7ED41124BEEDD500A16AF5 /* PreventionMovementView.swift */ = {isa = PBXFileReference; lastKnownFileType = sourcecode.swift; path = PreventionMovementView.swift; sourceTree = "<group>"; };
		2D7ED41324BEF1FD00A16AF5 /* PreventionFoodDrinkView.swift */ = {isa = PBXFileReference; lastKnownFileType = sourcecode.swift; path = PreventionFoodDrinkView.swift; sourceTree = "<group>"; };
		2D7ED41524BF1FC600A16AF5 /* PreventionFoodItem.swift */ = {isa = PBXFileReference; lastKnownFileType = sourcecode.swift; path = PreventionFoodItem.swift; sourceTree = "<group>"; };
		2D82FCB724B4F8F500196A3F /* PreventionDeathsView.swift */ = {isa = PBXFileReference; lastKnownFileType = sourcecode.swift; path = PreventionDeathsView.swift; sourceTree = "<group>"; };
		2D82FCB924B5CA6D00196A3F /* UserSettings.swift */ = {isa = PBXFileReference; lastKnownFileType = sourcecode.swift; path = UserSettings.swift; sourceTree = "<group>"; };
		2D95EC2124B681090034199E /* CustomPieChartView.swift */ = {isa = PBXFileReference; lastKnownFileType = sourcecode.swift; path = CustomPieChartView.swift; sourceTree = "<group>"; };
		2DB15BCE24AD6A49003D2353 /* SplashView.swift */ = {isa = PBXFileReference; lastKnownFileType = sourcecode.swift; path = SplashView.swift; sourceTree = "<group>"; };
		2DB15BD224AD7039003D2353 /* Colors.xcassets */ = {isa = PBXFileReference; lastKnownFileType = folder.assetcatalog; path = Colors.xcassets; sourceTree = "<group>"; };
		2DB15BD524AD8445003D2353 /* MainView.swift */ = {isa = PBXFileReference; lastKnownFileType = sourcecode.swift; path = MainView.swift; sourceTree = "<group>"; };
		2DB15BD824AE46DD003D2353 /* lottie_water.json */ = {isa = PBXFileReference; fileEncoding = 4; lastKnownFileType = text.json; path = lottie_water.json; sourceTree = "<group>"; };
		2DB15BD924AE46DD003D2353 /* lottie_trash_clean.json */ = {isa = PBXFileReference; fileEncoding = 4; lastKnownFileType = text.json; path = lottie_trash_clean.json; sourceTree = "<group>"; };
		2DB15BDA24AE46DD003D2353 /* lottie_sad.json */ = {isa = PBXFileReference; fileEncoding = 4; lastKnownFileType = text.json; path = lottie_sad.json; sourceTree = "<group>"; };
		2DB15BDB24AE46DD003D2353 /* covid_doctor.json */ = {isa = PBXFileReference; fileEncoding = 4; lastKnownFileType = text.json; path = covid_doctor.json; sourceTree = "<group>"; };
		2DB15BDC24AE46DD003D2353 /* lottie_social_distancing.json */ = {isa = PBXFileReference; fileEncoding = 4; lastKnownFileType = text.json; path = lottie_social_distancing.json; sourceTree = "<group>"; };
		2DB15BDD24AE46DD003D2353 /* lottie_covid_mask.json */ = {isa = PBXFileReference; fileEncoding = 4; lastKnownFileType = text.json; path = lottie_covid_mask.json; sourceTree = "<group>"; };
		2DB15BDE24AE46DD003D2353 /* lottie_covid_hands.json */ = {isa = PBXFileReference; fileEncoding = 4; lastKnownFileType = text.json; path = lottie_covid_hands.json; sourceTree = "<group>"; };
		2DB15BDF24AE46DD003D2353 /* covid_armor.json */ = {isa = PBXFileReference; fileEncoding = 4; lastKnownFileType = text.json; path = covid_armor.json; sourceTree = "<group>"; };
		2DB15BE024AE46DD003D2353 /* lottie_location.json */ = {isa = PBXFileReference; fileEncoding = 4; lastKnownFileType = text.json; path = lottie_location.json; sourceTree = "<group>"; };
		2DB15BF424AE6992003D2353 /* LottieView.swift */ = {isa = PBXFileReference; lastKnownFileType = sourcecode.swift; path = LottieView.swift; sourceTree = "<group>"; };
		2DB15C0424AF4D74003D2353 /* AnimatedView.swift */ = {isa = PBXFileReference; lastKnownFileType = sourcecode.swift; path = AnimatedView.swift; sourceTree = "<group>"; };
		2DB15C0824B05991003D2353 /* HTMLView.swift */ = {isa = PBXFileReference; lastKnownFileType = sourcecode.swift; path = HTMLView.swift; sourceTree = "<group>"; };
		2DB6AE8724B23E640092A91A /* en */ = {isa = PBXFileReference; lastKnownFileType = text.plist.stringsdict; name = en; path = en.lproj/Localizable.stringsdict; sourceTree = "<group>"; };
		2DB6AE8A24B23E6F0092A91A /* en */ = {isa = PBXFileReference; lastKnownFileType = text.plist.strings; name = en; path = en.lproj/Localizable.strings; sourceTree = "<group>"; };
		2DB6AE8C24B23EA00092A91A /* fr */ = {isa = PBXFileReference; lastKnownFileType = text.plist.strings; name = fr; path = fr.lproj/Localizable.strings; sourceTree = "<group>"; };
		2DB6AE8D24B23EA00092A91A /* fr */ = {isa = PBXFileReference; lastKnownFileType = text.plist.stringsdict; name = fr; path = fr.lproj/Localizable.stringsdict; sourceTree = "<group>"; };
		2DB6AE8E24B25C090092A91A /* PreventionDetailControlerView.swift */ = {isa = PBXFileReference; lastKnownFileType = sourcecode.swift; path = PreventionDetailControlerView.swift; sourceTree = "<group>"; };
		2DB6AE9024B29D790092A91A /* Countries.xcassets */ = {isa = PBXFileReference; lastKnownFileType = folder.assetcatalog; path = Countries.xcassets; sourceTree = "<group>"; };
		2DB6AE9224B2A65E0092A91A /* countries_list.json */ = {isa = PBXFileReference; fileEncoding = 4; lastKnownFileType = text.json; path = countries_list.json; sourceTree = "<group>"; };
		2DB6AE9524B2A6A50092A91A /* CountryModel.swift */ = {isa = PBXFileReference; lastKnownFileType = sourcecode.swift; path = CountryModel.swift; sourceTree = "<group>"; };
		2DB6AE9724B2BB3F0092A91A /* CustomImage.swift */ = {isa = PBXFileReference; lastKnownFileType = sourcecode.swift; path = CustomImage.swift; sourceTree = "<group>"; };
		2DC5054124BC908300C9416B /* PreventionHandsHowItemModel.swift */ = {isa = PBXFileReference; lastKnownFileType = sourcecode.swift; path = PreventionHandsHowItemModel.swift; sourceTree = "<group>"; };
		2DFF654124BE17C200887E47 /* PreventionGarbageView.swift */ = {isa = PBXFileReference; lastKnownFileType = sourcecode.swift; path = PreventionGarbageView.swift; sourceTree = "<group>"; };
		2DFF654324BE57CF00887E47 /* PreventionWaterView.swift */ = {isa = PBXFileReference; lastKnownFileType = sourcecode.swift; path = PreventionWaterView.swift; sourceTree = "<group>"; };
		4DE7CDB9BC7983DA21F23E02 /* Pods-TOA.release.xcconfig */ = {isa = PBXFileReference; includeInIndex = 1; lastKnownFileType = text.xcconfig; name = "Pods-TOA.release.xcconfig"; path = "Target Support Files/Pods-TOA/Pods-TOA.release.xcconfig"; sourceTree = "<group>"; };
		6D4AB7E7A84072D9EF285BDF /* Pods_TOA.framework */ = {isa = PBXFileReference; explicitFileType = wrapper.framework; includeInIndex = 0; path = Pods_TOA.framework; sourceTree = BUILT_PRODUCTS_DIR; };
		936525A0F0F4C507C567B0AB /* Pods-TOA.debug.xcconfig */ = {isa = PBXFileReference; includeInIndex = 1; lastKnownFileType = text.xcconfig; name = "Pods-TOA.debug.xcconfig"; path = "Target Support Files/Pods-TOA/Pods-TOA.debug.xcconfig"; sourceTree = "<group>"; };
/* End PBXFileReference section */

/* Begin PBXFrameworksBuildPhase section */
		2D0A292D24A65AE300A36C56 /* Frameworks */ = {
			isa = PBXFrameworksBuildPhase;
			buildActionMask = 2147483647;
			files = (
				2DB15BEC24AE4915003D2353 /* Lottie in Frameworks */,
				15CCFEB2689929CF82442C07 /* Pods_TOA.framework in Frameworks */,
			);
			runOnlyForDeploymentPostprocessing = 0;
		};
/* End PBXFrameworksBuildPhase section */

/* Begin PBXGroup section */
		2D0A292724A65AE300A36C56 = {
			isa = PBXGroup;
			children = (
				2D0A293224A65AE300A36C56 /* TOA */,
				2D0A293124A65AE300A36C56 /* Products */,
				C969FB84436A55A49D883AAA /* Pods */,
				3B65DA8FB8D7F114B361D431 /* Frameworks */,
			);
			sourceTree = "<group>";
		};
		2D0A293124A65AE300A36C56 /* Products */ = {
			isa = PBXGroup;
			children = (
				2D0A293024A65AE300A36C56 /* TOA.app */,
			);
			name = Products;
			sourceTree = "<group>";
		};
		2D0A293224A65AE300A36C56 /* TOA */ = {
			isa = PBXGroup;
			children = (
				2D7A803724BBDFDB0011AE16 /* BottomBar */,
				2DB6AE9424B2A68B0092A91A /* Model */,
				2D3648DF24B0F1DC0029196F /* TrackableScrollView */,
				2DB15BF124AE6664003D2353 /* Custom Views */,
				2DB15BF024AE6506003D2353 /* Prevention */,
				2DB15BEF24AE5362003D2353 /* Diagnosis */,
				2D0A293324A65AE300A36C56 /* AppDelegate.swift */,
				2D0A293524A65AE300A36C56 /* SceneDelegate.swift */,
				2D0A293724A65AE300A36C56 /* ContentView.swift */,
				2DB15BD524AD8445003D2353 /* MainView.swift */,
				2D7A801324BBC5870011AE16 /* AboutView.swift */,
				2DB15BCE24AD6A49003D2353 /* SplashView.swift */,
				2D0A293E24A65AE700A36C56 /* LaunchScreen.storyboard */,
				2D82FCB924B5CA6D00196A3F /* UserSettings.swift */,
				2D2C040C24B1DDC000D6473A /* Resources */,
				2D0A293924A65AE700A36C56 /* Assets.xcassets */,
				2DB6AE9024B29D790092A91A /* Countries.xcassets */,
				2DB15BD224AD7039003D2353 /* Colors.xcassets */,
				2DB6AE8B24B23E6F0092A91A /* Localizable.strings */,
				2DB6AE8824B23E640092A91A /* Localizable.stringsdict */,
				2D0A294124A65AE700A36C56 /* Info.plist */,
				2D0A293B24A65AE700A36C56 /* Preview Content */,
			);
			path = TOA;
			sourceTree = "<group>";
		};
		2D0A293B24A65AE700A36C56 /* Preview Content */ = {
			isa = PBXGroup;
			children = (
				2D0A293C24A65AE700A36C56 /* Preview Assets.xcassets */,
			);
			path = "Preview Content";
			sourceTree = "<group>";
		};
		2D2C040C24B1DDC000D6473A /* Resources */ = {
			isa = PBXGroup;
			children = (
				2DB6AE9224B2A65E0092A91A /* countries_list.json */,
				2DB15BD724AE46DD003D2353 /* Lottie */,
			);
			path = Resources;
			sourceTree = "<group>";
		};
		2D3648DF24B0F1DC0029196F /* TrackableScrollView */ = {
			isa = PBXGroup;
			children = (
				2D3648E024B0F1DC0029196F /* TrackableScrollView.swift */,
				2D3648E124B0F1DC0029196F /* ScrollOffsetPreferenceKey.swift */,
			);
			path = TrackableScrollView;
			sourceTree = "<group>";
		};
		2D7A803724BBDFDB0011AE16 /* BottomBar */ = {
			isa = PBXGroup;
			children = (
				2D7E5DA224BD06AE00011328 /* BottomBar.swift */,
				2D7A803824BBE0740011AE16 /* BottomBarItem.swift */,
			);
			path = BottomBar;
			sourceTree = "<group>";
		};
		2DB15BD724AE46DD003D2353 /* Lottie */ = {
			isa = PBXGroup;
			children = (
				2DB15BD824AE46DD003D2353 /* lottie_water.json */,
				2DB15BD924AE46DD003D2353 /* lottie_trash_clean.json */,
				2DB15BDA24AE46DD003D2353 /* lottie_sad.json */,
				2DB15BDB24AE46DD003D2353 /* covid_doctor.json */,
				2DB15BDC24AE46DD003D2353 /* lottie_social_distancing.json */,
				2DB15BDD24AE46DD003D2353 /* lottie_covid_mask.json */,
				2DB15BDE24AE46DD003D2353 /* lottie_covid_hands.json */,
				2DB15BDF24AE46DD003D2353 /* covid_armor.json */,
				2DB15BE024AE46DD003D2353 /* lottie_location.json */,
			);
			path = Lottie;
			sourceTree = "<group>";
		};
		2DB15BEF24AE5362003D2353 /* Diagnosis */ = {
			isa = PBXGroup;
			children = (
				2D5D845824B9D88500A92532 /* AnalysisButtonView.swift */,
			);
			path = Diagnosis;
			sourceTree = "<group>";
		};
		2DB15BF024AE6506003D2353 /* Prevention */ = {
			isa = PBXGroup;
			children = (
				2D2C041324B1FEB900D6473A /* DataLoader.swift */,
				2D2C040424B1D79600D6473A /* PreventionView.swift */,
				2D2C040D24B1E66B00D6473A /* Prevention.swift */,
				2DB6AE8E24B25C090092A91A /* PreventionDetailControlerView.swift */,
				2D82FCB724B4F8F500196A3F /* PreventionDeathsView.swift */,
				2D5D845A24B9D89800A92532 /* PreventionButtonView.swift */,
				2D7A801524BBCD880011AE16 /* PreventionHandsView.swift */,
				2D22A62A24BDA38F008CA204 /* PreventionMaskView.swift */,
				2DFF654124BE17C200887E47 /* PreventionGarbageView.swift */,
				2DFF654324BE57CF00887E47 /* PreventionWaterView.swift */,
				2D7ED41124BEEDD500A16AF5 /* PreventionMovementView.swift */,
				2D7ED41324BEF1FD00A16AF5 /* PreventionFoodDrinkView.swift */,
			);
			path = Prevention;
			sourceTree = "<group>";
		};
		2DB15BF124AE6664003D2353 /* Custom Views */ = {
			isa = PBXGroup;
			children = (
				2DB15BF424AE6992003D2353 /* LottieView.swift */,
				2DB15C0424AF4D74003D2353 /* AnimatedView.swift */,
				2DB15C0824B05991003D2353 /* HTMLView.swift */,
				2DB6AE9724B2BB3F0092A91A /* CustomImage.swift */,
				2D95EC2124B681090034199E /* CustomPieChartView.swift */,
			);
			path = "Custom Views";
			sourceTree = "<group>";
		};
		2DB6AE9424B2A68B0092A91A /* Model */ = {
			isa = PBXGroup;
			children = (
				2DB6AE9524B2A6A50092A91A /* CountryModel.swift */,
				2D4907F524B3C5C200D21CAA /* CountryCases.swift */,
				2DC5054124BC908300C9416B /* PreventionHandsHowItemModel.swift */,
				2D7E5DA024BCF63200011328 /* PreventionHandsWhenItemModel.swift */,
				2D7ED41524BF1FC600A16AF5 /* PreventionFoodItem.swift */,
			);
			path = Model;
			sourceTree = "<group>";
		};
		3B65DA8FB8D7F114B361D431 /* Frameworks */ = {
			isa = PBXGroup;
			children = (
				6D4AB7E7A84072D9EF285BDF /* Pods_TOA.framework */,
			);
			name = Frameworks;
			sourceTree = "<group>";
		};
		C969FB84436A55A49D883AAA /* Pods */ = {
			isa = PBXGroup;
			children = (
				936525A0F0F4C507C567B0AB /* Pods-TOA.debug.xcconfig */,
				4DE7CDB9BC7983DA21F23E02 /* Pods-TOA.release.xcconfig */,
			);
			path = Pods;
			sourceTree = "<group>";
		};
/* End PBXGroup section */

/* Begin PBXNativeTarget section */
		2D0A292F24A65AE300A36C56 /* TOA */ = {
			isa = PBXNativeTarget;
			buildConfigurationList = 2D0A294424A65AE700A36C56 /* Build configuration list for PBXNativeTarget "TOA" */;
			buildPhases = (
				0A9CF581C9EBF2904D992914 /* [CP] Check Pods Manifest.lock */,
				2D0A292C24A65AE300A36C56 /* Sources */,
				2D0A292D24A65AE300A36C56 /* Frameworks */,
				2D0A292E24A65AE300A36C56 /* Resources */,
				207B05C7044F94926926AF43 /* [CP] Embed Pods Frameworks */,
			);
			buildRules = (
			);
			dependencies = (
			);
			name = TOA;
			packageProductDependencies = (
				2DB15BEB24AE4915003D2353 /* Lottie */,
			);
			productName = TOA;
			productReference = 2D0A293024A65AE300A36C56 /* TOA.app */;
			productType = "com.apple.product-type.application";
		};
/* End PBXNativeTarget section */

/* Begin PBXProject section */
		2D0A292824A65AE300A36C56 /* Project object */ = {
			isa = PBXProject;
			attributes = {
				LastSwiftUpdateCheck = 1150;
				LastUpgradeCheck = 1150;
				ORGANIZATIONNAME = "Coolectif TOA";
				TargetAttributes = {
					2D0A292F24A65AE300A36C56 = {
						CreatedOnToolsVersion = 11.5;
					};
				};
			};
			buildConfigurationList = 2D0A292B24A65AE300A36C56 /* Build configuration list for PBXProject "TOA" */;
			compatibilityVersion = "Xcode 9.3";
			developmentRegion = en;
			hasScannedForEncodings = 0;
			knownRegions = (
				en,
				Base,
				fr,
			);
			mainGroup = 2D0A292724A65AE300A36C56;
			packageReferences = (
				2DB15BEA24AE4915003D2353 /* XCRemoteSwiftPackageReference "lottie-ios" */,
			);
			productRefGroup = 2D0A293124A65AE300A36C56 /* Products */;
			projectDirPath = "";
			projectRoot = "";
			targets = (
				2D0A292F24A65AE300A36C56 /* TOA */,
			);
		};
/* End PBXProject section */

/* Begin PBXResourcesBuildPhase section */
		2D0A292E24A65AE300A36C56 /* Resources */ = {
			isa = PBXResourcesBuildPhase;
			buildActionMask = 2147483647;
			files = (
				2DB15BE624AE46DE003D2353 /* lottie_covid_mask.json in Resources */,
				2DB15BE424AE46DE003D2353 /* covid_doctor.json in Resources */,
				2D0A294024A65AE700A36C56 /* LaunchScreen.storyboard in Resources */,
				2DB15BD324AD7039003D2353 /* Colors.xcassets in Resources */,
				2DB15BE124AE46DE003D2353 /* lottie_water.json in Resources */,
				2DB6AE8624B23E640092A91A /* Localizable.stringsdict in Resources */,
				2DB15BE824AE46DE003D2353 /* covid_armor.json in Resources */,
				2DB6AE9124B29D790092A91A /* Countries.xcassets in Resources */,
				2DB15BE524AE46DE003D2353 /* lottie_social_distancing.json in Resources */,
				2DB15BE224AE46DE003D2353 /* lottie_trash_clean.json in Resources */,
				2DB15BE924AE46DE003D2353 /* lottie_location.json in Resources */,
				2DB6AE8924B23E6F0092A91A /* Localizable.strings in Resources */,
				2D0A293D24A65AE700A36C56 /* Preview Assets.xcassets in Resources */,
				2DB6AE9324B2A65E0092A91A /* countries_list.json in Resources */,
				2DB15BE324AE46DE003D2353 /* lottie_sad.json in Resources */,
				2D0A293A24A65AE700A36C56 /* Assets.xcassets in Resources */,
				2DB15BE724AE46DE003D2353 /* lottie_covid_hands.json in Resources */,
			);
			runOnlyForDeploymentPostprocessing = 0;
		};
/* End PBXResourcesBuildPhase section */

/* Begin PBXShellScriptBuildPhase section */
		0A9CF581C9EBF2904D992914 /* [CP] Check Pods Manifest.lock */ = {
			isa = PBXShellScriptBuildPhase;
			buildActionMask = 2147483647;
			files = (
			);
			inputFileListPaths = (
			);
			inputPaths = (
				"${PODS_PODFILE_DIR_PATH}/Podfile.lock",
				"${PODS_ROOT}/Manifest.lock",
			);
			name = "[CP] Check Pods Manifest.lock";
			outputFileListPaths = (
			);
			outputPaths = (
				"$(DERIVED_FILE_DIR)/Pods-TOA-checkManifestLockResult.txt",
			);
			runOnlyForDeploymentPostprocessing = 0;
			shellPath = /bin/sh;
			shellScript = "diff \"${PODS_PODFILE_DIR_PATH}/Podfile.lock\" \"${PODS_ROOT}/Manifest.lock\" > /dev/null\nif [ $? != 0 ] ; then\n    # print error to STDERR\n    echo \"error: The sandbox is not in sync with the Podfile.lock. Run 'pod install' or update your CocoaPods installation.\" >&2\n    exit 1\nfi\n# This output is used by Xcode 'outputs' to avoid re-running this script phase.\necho \"SUCCESS\" > \"${SCRIPT_OUTPUT_FILE_0}\"\n";
			showEnvVarsInLog = 0;
		};
		207B05C7044F94926926AF43 /* [CP] Embed Pods Frameworks */ = {
			isa = PBXShellScriptBuildPhase;
			buildActionMask = 2147483647;
			files = (
			);
			inputFileListPaths = (
				"${PODS_ROOT}/Target Support Files/Pods-TOA/Pods-TOA-frameworks-${CONFIGURATION}-input-files.xcfilelist",
			);
			name = "[CP] Embed Pods Frameworks";
			outputFileListPaths = (
				"${PODS_ROOT}/Target Support Files/Pods-TOA/Pods-TOA-frameworks-${CONFIGURATION}-output-files.xcfilelist",
			);
			runOnlyForDeploymentPostprocessing = 0;
			shellPath = /bin/sh;
			shellScript = "\"${PODS_ROOT}/Target Support Files/Pods-TOA/Pods-TOA-frameworks.sh\"\n";
			showEnvVarsInLog = 0;
		};
/* End PBXShellScriptBuildPhase section */

/* Begin PBXSourcesBuildPhase section */
		2D0A292C24A65AE300A36C56 /* Sources */ = {
			isa = PBXSourcesBuildPhase;
			buildActionMask = 2147483647;
			files = (
				2D2C040E24B1E66B00D6473A /* Prevention.swift in Sources */,
				2D3648E324B0F1DC0029196F /* ScrollOffsetPreferenceKey.swift in Sources */,
				2D2C041424B1FEB900D6473A /* DataLoader.swift in Sources */,
				2D82FCB824B4F8F500196A3F /* PreventionDeathsView.swift in Sources */,
				2D7E5DA324BD06AF00011328 /* BottomBar.swift in Sources */,
				2DFF654424BE57CF00887E47 /* PreventionWaterView.swift in Sources */,
				2D3648E224B0F1DC0029196F /* TrackableScrollView.swift in Sources */,
				2DB15BD624AD8445003D2353 /* MainView.swift in Sources */,
				2D5D845924B9D88500A92532 /* AnalysisButtonView.swift in Sources */,
				2DFF654224BE17C200887E47 /* PreventionGarbageView.swift in Sources */,
				2DB15C0924B05992003D2353 /* HTMLView.swift in Sources */,
				2D7ED41424BEF1FD00A16AF5 /* PreventionFoodDrinkView.swift in Sources */,
				2D7A803C24BBE0750011AE16 /* BottomBarItem.swift in Sources */,
				2DB6AE8F24B25C090092A91A /* PreventionDetailControlerView.swift in Sources */,
				2D5D845B24B9D89800A92532 /* PreventionButtonView.swift in Sources */,
				2D4907F624B3C5C200D21CAA /* CountryCases.swift in Sources */,
				2D82FCBA24B5CA6D00196A3F /* UserSettings.swift in Sources */,
				2D95EC2224B681090034199E /* CustomPieChartView.swift in Sources */,
				2D7E5DA124BCF63200011328 /* PreventionHandsWhenItemModel.swift in Sources */,
				2D7A801424BBC5870011AE16 /* AboutView.swift in Sources */,
				2D0A293424A65AE300A36C56 /* AppDelegate.swift in Sources */,
				2DB15BCF24AD6A49003D2353 /* SplashView.swift in Sources */,
				2D7ED41224BEEDD500A16AF5 /* PreventionMovementView.swift in Sources */,
				2D2C040524B1D79600D6473A /* PreventionView.swift in Sources */,
				2DC5054224BC908300C9416B /* PreventionHandsHowItemModel.swift in Sources */,
				2DB6AE9824B2BB3F0092A91A /* CustomImage.swift in Sources */,
				2DB15C0524AF4D74003D2353 /* AnimatedView.swift in Sources */,
				2D22A62B24BDA38F008CA204 /* PreventionMaskView.swift in Sources */,
				2D7ED41624BF1FC600A16AF5 /* PreventionFoodItem.swift in Sources */,
				2D0A293624A65AE300A36C56 /* SceneDelegate.swift in Sources */,
				2D0A293824A65AE300A36C56 /* ContentView.swift in Sources */,
				2DB15BF524AE6992003D2353 /* LottieView.swift in Sources */,
				2DB6AE9624B2A6A50092A91A /* CountryModel.swift in Sources */,
				2D7A801624BBCD880011AE16 /* PreventionHandsView.swift in Sources */,
			);
			runOnlyForDeploymentPostprocessing = 0;
		};
/* End PBXSourcesBuildPhase section */

/* Begin PBXVariantGroup section */
		2D0A293E24A65AE700A36C56 /* LaunchScreen.storyboard */ = {
			isa = PBXVariantGroup;
			children = (
				2D0A293F24A65AE700A36C56 /* Base */,
			);
			name = LaunchScreen.storyboard;
			sourceTree = "<group>";
		};
		2DB6AE8824B23E640092A91A /* Localizable.stringsdict */ = {
			isa = PBXVariantGroup;
			children = (
				2DB6AE8724B23E640092A91A /* en */,
				2DB6AE8D24B23EA00092A91A /* fr */,
			);
			name = Localizable.stringsdict;
			sourceTree = "<group>";
		};
		2DB6AE8B24B23E6F0092A91A /* Localizable.strings */ = {
			isa = PBXVariantGroup;
			children = (
				2DB6AE8A24B23E6F0092A91A /* en */,
				2DB6AE8C24B23EA00092A91A /* fr */,
			);
			name = Localizable.strings;
			sourceTree = "<group>";
		};
/* End PBXVariantGroup section */

/* Begin XCBuildConfiguration section */
		2D0A294224A65AE700A36C56 /* Debug */ = {
			isa = XCBuildConfiguration;
			buildSettings = {
				ALWAYS_SEARCH_USER_PATHS = NO;
				CLANG_ANALYZER_LOCALIZABILITY_NONLOCALIZED = YES;
				CLANG_ANALYZER_NONNULL = YES;
				CLANG_ANALYZER_NUMBER_OBJECT_CONVERSION = YES_AGGRESSIVE;
				CLANG_CXX_LANGUAGE_STANDARD = "gnu++14";
				CLANG_CXX_LIBRARY = "libc++";
				CLANG_ENABLE_MODULES = YES;
				CLANG_ENABLE_OBJC_ARC = YES;
				CLANG_ENABLE_OBJC_WEAK = YES;
				CLANG_WARN_BLOCK_CAPTURE_AUTORELEASING = YES;
				CLANG_WARN_BOOL_CONVERSION = YES;
				CLANG_WARN_COMMA = YES;
				CLANG_WARN_CONSTANT_CONVERSION = YES;
				CLANG_WARN_DEPRECATED_OBJC_IMPLEMENTATIONS = YES;
				CLANG_WARN_DIRECT_OBJC_ISA_USAGE = YES_ERROR;
				CLANG_WARN_DOCUMENTATION_COMMENTS = YES;
				CLANG_WARN_EMPTY_BODY = YES;
				CLANG_WARN_ENUM_CONVERSION = YES;
				CLANG_WARN_INFINITE_RECURSION = YES;
				CLANG_WARN_INT_CONVERSION = YES;
				CLANG_WARN_NON_LITERAL_NULL_CONVERSION = YES;
				CLANG_WARN_OBJC_IMPLICIT_RETAIN_SELF = YES;
				CLANG_WARN_OBJC_LITERAL_CONVERSION = YES;
				CLANG_WARN_OBJC_ROOT_CLASS = YES_ERROR;
				CLANG_WARN_RANGE_LOOP_ANALYSIS = YES;
				CLANG_WARN_STRICT_PROTOTYPES = YES;
				CLANG_WARN_SUSPICIOUS_MOVE = YES;
				CLANG_WARN_UNGUARDED_AVAILABILITY = YES_AGGRESSIVE;
				CLANG_WARN_UNREACHABLE_CODE = YES;
				CLANG_WARN__DUPLICATE_METHOD_MATCH = YES;
				COPY_PHASE_STRIP = NO;
				DEBUG_INFORMATION_FORMAT = dwarf;
				ENABLE_STRICT_OBJC_MSGSEND = YES;
				ENABLE_TESTABILITY = YES;
				GCC_C_LANGUAGE_STANDARD = gnu11;
				GCC_DYNAMIC_NO_PIC = NO;
				GCC_NO_COMMON_BLOCKS = YES;
				GCC_OPTIMIZATION_LEVEL = 0;
				GCC_PREPROCESSOR_DEFINITIONS = (
					"DEBUG=1",
					"$(inherited)",
				);
				GCC_WARN_64_TO_32_BIT_CONVERSION = YES;
				GCC_WARN_ABOUT_RETURN_TYPE = YES_ERROR;
				GCC_WARN_UNDECLARED_SELECTOR = YES;
				GCC_WARN_UNINITIALIZED_AUTOS = YES_AGGRESSIVE;
				GCC_WARN_UNUSED_FUNCTION = YES;
				GCC_WARN_UNUSED_VARIABLE = YES;
				IPHONEOS_DEPLOYMENT_TARGET = 13.0;
				MTL_ENABLE_DEBUG_INFO = INCLUDE_SOURCE;
				MTL_FAST_MATH = YES;
				ONLY_ACTIVE_ARCH = YES;
				SDKROOT = iphoneos;
				SWIFT_ACTIVE_COMPILATION_CONDITIONS = DEBUG;
				SWIFT_OPTIMIZATION_LEVEL = "-Onone";
			};
			name = Debug;
		};
		2D0A294324A65AE700A36C56 /* Release */ = {
			isa = XCBuildConfiguration;
			buildSettings = {
				ALWAYS_SEARCH_USER_PATHS = NO;
				CLANG_ANALYZER_LOCALIZABILITY_NONLOCALIZED = YES;
				CLANG_ANALYZER_NONNULL = YES;
				CLANG_ANALYZER_NUMBER_OBJECT_CONVERSION = YES_AGGRESSIVE;
				CLANG_CXX_LANGUAGE_STANDARD = "gnu++14";
				CLANG_CXX_LIBRARY = "libc++";
				CLANG_ENABLE_MODULES = YES;
				CLANG_ENABLE_OBJC_ARC = YES;
				CLANG_ENABLE_OBJC_WEAK = YES;
				CLANG_WARN_BLOCK_CAPTURE_AUTORELEASING = YES;
				CLANG_WARN_BOOL_CONVERSION = YES;
				CLANG_WARN_COMMA = YES;
				CLANG_WARN_CONSTANT_CONVERSION = YES;
				CLANG_WARN_DEPRECATED_OBJC_IMPLEMENTATIONS = YES;
				CLANG_WARN_DIRECT_OBJC_ISA_USAGE = YES_ERROR;
				CLANG_WARN_DOCUMENTATION_COMMENTS = YES;
				CLANG_WARN_EMPTY_BODY = YES;
				CLANG_WARN_ENUM_CONVERSION = YES;
				CLANG_WARN_INFINITE_RECURSION = YES;
				CLANG_WARN_INT_CONVERSION = YES;
				CLANG_WARN_NON_LITERAL_NULL_CONVERSION = YES;
				CLANG_WARN_OBJC_IMPLICIT_RETAIN_SELF = YES;
				CLANG_WARN_OBJC_LITERAL_CONVERSION = YES;
				CLANG_WARN_OBJC_ROOT_CLASS = YES_ERROR;
				CLANG_WARN_RANGE_LOOP_ANALYSIS = YES;
				CLANG_WARN_STRICT_PROTOTYPES = YES;
				CLANG_WARN_SUSPICIOUS_MOVE = YES;
				CLANG_WARN_UNGUARDED_AVAILABILITY = YES_AGGRESSIVE;
				CLANG_WARN_UNREACHABLE_CODE = YES;
				CLANG_WARN__DUPLICATE_METHOD_MATCH = YES;
				COPY_PHASE_STRIP = NO;
				DEBUG_INFORMATION_FORMAT = "dwarf-with-dsym";
				ENABLE_NS_ASSERTIONS = NO;
				ENABLE_STRICT_OBJC_MSGSEND = YES;
				GCC_C_LANGUAGE_STANDARD = gnu11;
				GCC_NO_COMMON_BLOCKS = YES;
				GCC_WARN_64_TO_32_BIT_CONVERSION = YES;
				GCC_WARN_ABOUT_RETURN_TYPE = YES_ERROR;
				GCC_WARN_UNDECLARED_SELECTOR = YES;
				GCC_WARN_UNINITIALIZED_AUTOS = YES_AGGRESSIVE;
				GCC_WARN_UNUSED_FUNCTION = YES;
				GCC_WARN_UNUSED_VARIABLE = YES;
				IPHONEOS_DEPLOYMENT_TARGET = 13.0;
				MTL_ENABLE_DEBUG_INFO = NO;
				MTL_FAST_MATH = YES;
				SDKROOT = iphoneos;
				SWIFT_COMPILATION_MODE = wholemodule;
				SWIFT_OPTIMIZATION_LEVEL = "-O";
				VALIDATE_PRODUCT = YES;
			};
			name = Release;
		};
		2D0A294524A65AE700A36C56 /* Debug */ = {
			isa = XCBuildConfiguration;
			baseConfigurationReference = 936525A0F0F4C507C567B0AB /* Pods-TOA.debug.xcconfig */;
			buildSettings = {
				ASSETCATALOG_COMPILER_APPICON_NAME = AppIcon;
				CODE_SIGN_STYLE = Automatic;
				DEVELOPMENT_ASSET_PATHS = "\"TOA/Preview Content\"";
				DEVELOPMENT_TEAM = PYR8254W73;
				ENABLE_PREVIEWS = YES;
				INFOPLIST_FILE = TOA/Info.plist;
				IPHONEOS_DEPLOYMENT_TARGET = 13.0;
				LD_RUNPATH_SEARCH_PATHS = (
					"$(inherited)",
					"@executable_path/Frameworks",
				);
				PRODUCT_BUNDLE_IDENTIFIER = com.africadevs.toa;
				PRODUCT_NAME = "$(TARGET_NAME)";
				SWIFT_VERSION = 5.0;
				TARGETED_DEVICE_FAMILY = "1,2";
			};
			name = Debug;
		};
		2D0A294624A65AE700A36C56 /* Release */ = {
			isa = XCBuildConfiguration;
			baseConfigurationReference = 4DE7CDB9BC7983DA21F23E02 /* Pods-TOA.release.xcconfig */;
			buildSettings = {
				ASSETCATALOG_COMPILER_APPICON_NAME = AppIcon;
				CODE_SIGN_STYLE = Automatic;
				DEVELOPMENT_ASSET_PATHS = "\"TOA/Preview Content\"";
				DEVELOPMENT_TEAM = PYR8254W73;
				ENABLE_PREVIEWS = YES;
				INFOPLIST_FILE = TOA/Info.plist;
				IPHONEOS_DEPLOYMENT_TARGET = 13.0;
				LD_RUNPATH_SEARCH_PATHS = (
					"$(inherited)",
					"@executable_path/Frameworks",
				);
				PRODUCT_BUNDLE_IDENTIFIER = com.africadevs.toa;
				PRODUCT_NAME = "$(TARGET_NAME)";
				SWIFT_VERSION = 5.0;
				TARGETED_DEVICE_FAMILY = "1,2";
			};
			name = Release;
		};
/* End XCBuildConfiguration section */

/* Begin XCConfigurationList section */
		2D0A292B24A65AE300A36C56 /* Build configuration list for PBXProject "TOA" */ = {
			isa = XCConfigurationList;
			buildConfigurations = (
				2D0A294224A65AE700A36C56 /* Debug */,
				2D0A294324A65AE700A36C56 /* Release */,
			);
			defaultConfigurationIsVisible = 0;
			defaultConfigurationName = Debug;
		};
		2D0A294424A65AE700A36C56 /* Build configuration list for PBXNativeTarget "TOA" */ = {
			isa = XCConfigurationList;
			buildConfigurations = (
				2D0A294524A65AE700A36C56 /* Debug */,
				2D0A294624A65AE700A36C56 /* Release */,
			);
			defaultConfigurationIsVisible = 0;
			defaultConfigurationName = Debug;
		};
/* End XCConfigurationList section */

/* Begin XCRemoteSwiftPackageReference section */
		2DB15BEA24AE4915003D2353 /* XCRemoteSwiftPackageReference "lottie-ios" */ = {
			isa = XCRemoteSwiftPackageReference;
			repositoryURL = "https://github.com/airbnb/lottie-ios.git";
			requirement = {
				kind = upToNextMajorVersion;
				minimumVersion = 3.1.8;
			};
		};
/* End XCRemoteSwiftPackageReference section */

/* Begin XCSwiftPackageProductDependency section */
		2DB15BEB24AE4915003D2353 /* Lottie */ = {
			isa = XCSwiftPackageProductDependency;
			package = 2DB15BEA24AE4915003D2353 /* XCRemoteSwiftPackageReference "lottie-ios" */;
			productName = Lottie;
		};
/* End XCSwiftPackageProductDependency section */
	};
	rootObject = 2D0A292824A65AE300A36C56 /* Project object */;
}
